
Microsoft Visual Studio Solution File, Format Version 12.00
# Visual Studio Version 17
VisualStudioVersion = 17.3.32929.385
MinimumVisualStudioVersion = 10.0.40219.1
Project("{FAE04EC0-301F-11D3-BF4B-00C04F79EFBC}") = "Backend", "Backend.csproj", "{66E66B75-540F-4450-9247-30EBAE8499BB}"
EndProject
Global
	GlobalSection(SolutionConfigurationPlatforms) = preSolution
		Debug|Any CPU = Debug|Any CPU
		Release|Any CPU = Release|Any CPU
	EndGlobalSection
	GlobalSection(ProjectConfigurationPlatforms) = postSolution
		{66E66B75-540F-4450-9247-30EBAE8499BB}.Debug|Any CPU.ActiveCfg = Debug|Any CPU
		{66E66B75-540F-4450-9247-30EBAE8499BB}.Debug|Any CPU.Build.0 = Debug|Any CPU
		{66E66B75-540F-4450-9247-30EBAE8499BB}.Release|Any CPU.ActiveCfg = Release|Any CPU
		{66E66B75-540F-4450-9247-30EBAE8499BB}.Release|Any CPU.Build.0 = Release|Any CPU
	EndGlobalSection
	GlobalSection(SolutionProperties) = preSolution
		HideSolutionNode = FALSE
	EndGlobalSection
	GlobalSection(ExtensibilityGlobals) = postSolution
		SolutionGuid = {54FAC0CF-66BF-43AC-B1D1-533C56EBD3DE}
	EndGlobalSection
EndGlobal
